
Microsoft Visual Studio Solution File, Format Version 12.00
# Visual Studio Version 17
VisualStudioVersion = 17.11.35327.3
MinimumVisualStudioVersion = 10.0.40219.1
Project("{FAE04EC0-301F-11D3-BF4B-00C04F79EFBC}") = "Muhasebe", "Muhasebe\Muhasebe.csproj", "{C69154E0-206B-4C98-B435-D881B92EEC57}"
EndProject
Global
	GlobalSection(SolutionConfigurationPlatforms) = preSolution
		Debug|Any CPU = Debug|Any CPU
		Release|Any CPU = Release|Any CPU
	EndGlobalSection
	GlobalSection(ProjectConfigurationPlatforms) = postSolution
		{C69154E0-206B-4C98-B435-D881B92EEC57}.Debug|Any CPU.ActiveCfg = Debug|Any CPU
		{C69154E0-206B-4C98-B435-D881B92EEC57}.Debug|Any CPU.Build.0 = Debug|Any CPU
		{C69154E0-206B-4C98-B435-D881B92EEC57}.Release|Any CPU.ActiveCfg = Release|Any CPU
		{C69154E0-206B-4C98-B435-D881B92EEC57}.Release|Any CPU.Build.0 = Release|Any CPU
	EndGlobalSection
	GlobalSection(SolutionProperties) = preSolution
		HideSolutionNode = FALSE
	EndGlobalSection
	GlobalSection(ExtensibilityGlobals) = postSolution
		SolutionGuid = {10F929EC-F30A-486F-B7D6-08B6F7050BD2}
	EndGlobalSection
EndGlobal
